
Microsoft Visual Studio Solution File, Format Version 12.00
# Visual Studio 15
Project("{FAE04EC0-301F-11D3-BF4B-00C04F79EFBC}") = "Assembly-CSharp", "Assembly-CSharp.csproj", "{523BB34F-0AC5-90C2-1FE0-B87789065DEE}"
EndProject
Project("{FAE04EC0-301F-11D3-BF4B-00C04F79EFBC}") = "Assembly-CSharp-firstpass", "Assembly-CSharp-firstpass.csproj", "{7F88B645-F04C-FA2E-8B80-AF23C02763AD}"
EndProject
Project("{FAE04EC0-301F-11D3-BF4B-00C04F79EFBC}") = "Assembly-CSharp-Editor-firstpass", "Assembly-CSharp-Editor-firstpass.csproj", "{2808D8D7-08AD-D1A3-BAEB-B2110AEE5FA1}"
EndProject
Global
	GlobalSection(SolutionConfigurationPlatforms) = preSolution
		Debug|Any CPU = Debug|Any CPU
		Release|Any CPU = Release|Any CPU
	EndGlobalSection
	GlobalSection(ProjectConfigurationPlatforms) = postSolution
		{523BB34F-0AC5-90C2-1FE0-B87789065DEE}.Debug|Any CPU.ActiveCfg = Debug|Any CPU
		{523BB34F-0AC5-90C2-1FE0-B87789065DEE}.Debug|Any CPU.Build.0 = Debug|Any CPU
		{523BB34F-0AC5-90C2-1FE0-B87789065DEE}.Release|Any CPU.ActiveCfg = Release|Any CPU
		{523BB34F-0AC5-90C2-1FE0-B87789065DEE}.Release|Any CPU.Build.0 = Release|Any CPU
		{7F88B645-F04C-FA2E-8B80-AF23C02763AD}.Debug|Any CPU.ActiveCfg = Debug|Any CPU
		{7F88B645-F04C-FA2E-8B80-AF23C02763AD}.Debug|Any CPU.Build.0 = Debug|Any CPU
		{7F88B645-F04C-FA2E-8B80-AF23C02763AD}.Release|Any CPU.ActiveCfg = Release|Any CPU
		{7F88B645-F04C-FA2E-8B80-AF23C02763AD}.Release|Any CPU.Build.0 = Release|Any CPU
		{2808D8D7-08AD-D1A3-BAEB-B2110AEE5FA1}.Debug|Any CPU.ActiveCfg = Debug|Any CPU
		{2808D8D7-08AD-D1A3-BAEB-B2110AEE5FA1}.Debug|Any CPU.Build.0 = Debug|Any CPU
		{2808D8D7-08AD-D1A3-BAEB-B2110AEE5FA1}.Release|Any CPU.ActiveCfg = Release|Any CPU
		{2808D8D7-08AD-D1A3-BAEB-B2110AEE5FA1}.Release|Any CPU.Build.0 = Release|Any CPU
	EndGlobalSection
	GlobalSection(SolutionProperties) = preSolution
		HideSolutionNode = FALSE
	EndGlobalSection
EndGlobal
